
Microsoft Visual Studio Solution File, Format Version 12.00
# Visual Studio Version 17
VisualStudioVersion = 17.4.33213.308
MinimumVisualStudioVersion = 10.0.40219.1
Project("{FAE04EC0-301F-11D3-BF4B-00C04F79EFBC}") = "ForumAiTi", "ForumAiTi\ForumAiTi.csproj", "{533EB309-8F11-4139-A771-D9B21E4C0000}"
EndProject
Global
	GlobalSection(SolutionConfigurationPlatforms) = preSolution
		Debug|Any CPU = Debug|Any CPU
		Release|Any CPU = Release|Any CPU
	EndGlobalSection
	GlobalSection(ProjectConfigurationPlatforms) = postSolution
		{533EB309-8F11-4139-A771-D9B21E4C0000}.Debug|Any CPU.ActiveCfg = Debug|Any CPU
		{533EB309-8F11-4139-A771-D9B21E4C0000}.Debug|Any CPU.Build.0 = Debug|Any CPU
		{533EB309-8F11-4139-A771-D9B21E4C0000}.Release|Any CPU.ActiveCfg = Release|Any CPU
		{533EB309-8F11-4139-A771-D9B21E4C0000}.Release|Any CPU.Build.0 = Release|Any CPU
	EndGlobalSection
	GlobalSection(SolutionProperties) = preSolution
		HideSolutionNode = FALSE
	EndGlobalSection
	GlobalSection(ExtensibilityGlobals) = postSolution
		SolutionGuid = {D90CC9D7-0D50-4C53-A92E-2A3398287C5E}
	EndGlobalSection
EndGlobal
